
Microsoft Visual Studio Solution File, Format Version 12.00
# Visual Studio 15
VisualStudioVersion = 15.0.26304.0
MinimumVisualStudioVersion = 10.0.40219.1
Project("{FAE04EC0-301F-11D3-BF4B-00C04F79EFBC}") = "ClientTracker", "ClientTracker\ClientTracker.csproj", "{86688C05-A653-40F9-BBEE-4D20ADC6CB31}"
EndProject
Project("{FAE04EC0-301F-11D3-BF4B-00C04F79EFBC}") = "Common", "Common\Common.csproj", "{4699B4F5-615A-4B34-9255-2B8A9F959969}"
EndProject
Project("{FAE04EC0-301F-11D3-BF4B-00C04F79EFBC}") = "Database", "Database\Database.csproj", "{6FCBC178-A4A8-4B38-A62E-A4EA487CF8E9}"
EndProject
Project("{FAE04EC0-301F-11D3-BF4B-00C04F79EFBC}") = "Web", "Web\Web.csproj", "{8CE82A33-E467-4081-8D22-A7AD192C8CDD}"
EndProject
Project("{FAE04EC0-301F-11D3-BF4B-00C04F79EFBC}") = "WebMvc5", "WebMvc5\WebMvc5.csproj", "{59FE156E-0D35-49EA-BA8D-A28B106630BA}"
EndProject
Global
	GlobalSection(SolutionConfigurationPlatforms) = preSolution
		Debug|Any CPU = Debug|Any CPU
		Release|Any CPU = Release|Any CPU
	EndGlobalSection
	GlobalSection(ProjectConfigurationPlatforms) = postSolution
		{86688C05-A653-40F9-BBEE-4D20ADC6CB31}.Debug|Any CPU.ActiveCfg = Debug|Any CPU
		{86688C05-A653-40F9-BBEE-4D20ADC6CB31}.Debug|Any CPU.Build.0 = Debug|Any CPU
		{86688C05-A653-40F9-BBEE-4D20ADC6CB31}.Release|Any CPU.ActiveCfg = Release|Any CPU
		{86688C05-A653-40F9-BBEE-4D20ADC6CB31}.Release|Any CPU.Build.0 = Release|Any CPU
		{4699B4F5-615A-4B34-9255-2B8A9F959969}.Debug|Any CPU.ActiveCfg = Debug|Any CPU
		{4699B4F5-615A-4B34-9255-2B8A9F959969}.Debug|Any CPU.Build.0 = Debug|Any CPU
		{4699B4F5-615A-4B34-9255-2B8A9F959969}.Release|Any CPU.ActiveCfg = Release|Any CPU
		{4699B4F5-615A-4B34-9255-2B8A9F959969}.Release|Any CPU.Build.0 = Release|Any CPU
		{6FCBC178-A4A8-4B38-A62E-A4EA487CF8E9}.Debug|Any CPU.ActiveCfg = Debug|Any CPU
		{6FCBC178-A4A8-4B38-A62E-A4EA487CF8E9}.Debug|Any CPU.Build.0 = Debug|Any CPU
		{6FCBC178-A4A8-4B38-A62E-A4EA487CF8E9}.Release|Any CPU.ActiveCfg = Release|Any CPU
		{6FCBC178-A4A8-4B38-A62E-A4EA487CF8E9}.Release|Any CPU.Build.0 = Release|Any CPU
		{8CE82A33-E467-4081-8D22-A7AD192C8CDD}.Debug|Any CPU.ActiveCfg = Debug|Any CPU
		{8CE82A33-E467-4081-8D22-A7AD192C8CDD}.Debug|Any CPU.Build.0 = Debug|Any CPU
		{8CE82A33-E467-4081-8D22-A7AD192C8CDD}.Release|Any CPU.ActiveCfg = Release|Any CPU
		{8CE82A33-E467-4081-8D22-A7AD192C8CDD}.Release|Any CPU.Build.0 = Release|Any CPU
		{59FE156E-0D35-49EA-BA8D-A28B106630BA}.Debug|Any CPU.ActiveCfg = Debug|Any CPU
		{59FE156E-0D35-49EA-BA8D-A28B106630BA}.Debug|Any CPU.Build.0 = Debug|Any CPU
		{59FE156E-0D35-49EA-BA8D-A28B106630BA}.Release|Any CPU.ActiveCfg = Release|Any CPU
		{59FE156E-0D35-49EA-BA8D-A28B106630BA}.Release|Any CPU.Build.0 = Release|Any CPU
	EndGlobalSection
	GlobalSection(SolutionProperties) = preSolution
		HideSolutionNode = FALSE
	EndGlobalSection
EndGlobal
